
Microsoft Visual Studio Solution File, Format Version 12.00
# Visual Studio Version 16
VisualStudioVersion = 16.0.30204.135
MinimumVisualStudioVersion = 10.0.40219.1
Project("{FAE04EC0-301F-11D3-BF4B-00C04F79EFBC}") = "WPFStockControlSystemWPFVersion", "WPFStockControlSystemWPFVersion\WPFStockControlSystemWPFVersion.csproj", "{CBD48B88-A393-49E2-BFAD-B074F9625307}"
EndProject
Global
	GlobalSection(SolutionConfigurationPlatforms) = preSolution
		Debug|Any CPU = Debug|Any CPU
		Release|Any CPU = Release|Any CPU
	EndGlobalSection
	GlobalSection(ProjectConfigurationPlatforms) = postSolution
		{CBD48B88-A393-49E2-BFAD-B074F9625307}.Debug|Any CPU.ActiveCfg = Debug|Any CPU
		{CBD48B88-A393-49E2-BFAD-B074F9625307}.Debug|Any CPU.Build.0 = Debug|Any CPU
		{CBD48B88-A393-49E2-BFAD-B074F9625307}.Release|Any CPU.ActiveCfg = Release|Any CPU
		{CBD48B88-A393-49E2-BFAD-B074F9625307}.Release|Any CPU.Build.0 = Release|Any CPU
	EndGlobalSection
	GlobalSection(SolutionProperties) = preSolution
		HideSolutionNode = FALSE
	EndGlobalSection
	GlobalSection(ExtensibilityGlobals) = postSolution
		SolutionGuid = {BE5C8385-7C0A-453E-906F-D13201709ED5}
	EndGlobalSection
EndGlobal
